dependencies:
  idf:
    component_hash: null
    source:
      type: idf
    version: 4.4.0
  tinyusb:
    component_hash: null
    source:
      git: https://github.com/iot-components/tinyusb.git
      type: git
    version: a9c7d2a08438ba60cbf46d7429be7f1483561ada
manifest_hash: d949b4afd318aeb11213991b81b8a38a7a2580a1317a7583a34eea2cfb0b2d1f
version: 1.0.0
