dependencies:
  idf:
    component_hash: null
    source:
      type: idf
    version: 4.4.0
  tinyusb:
    component_hash: null
    source:
      git: https://github.com/iot-components/tinyusb.git
      type: git
    version: 3d52058f642e0e126ac2f64f111cf2c6e384d9d4
manifest_hash: 594a7bc26505752d59d16078fd0885c86d28c696328add0ef694d6ed197a23f2
version: 1.0.0
